
Microsoft Visual Studio Solution File, Format Version 12.00
# Visual Studio Version 16
VisualStudioVersion = 16.0.31129.286
MinimumVisualStudioVersion = 10.0.40219.1
Project("{2150E333-8FDC-42A3-9474-1A3956D46DE8}") = "src", "src", "{2D4AF767-83D4-47FA-AE63-59236945D89E}"
EndProject
Project("{9A19103F-16F7-4668-BE54-9A1E7A4F7556}") = "SoftbinatorProject.Core", "src\SoftbinatorProject.Core\SoftbinatorProject.Core.csproj", "{9D4B5E0E-7327-4AEA-BEF4-8F423FDE9D40}"
EndProject
Project("{2150E333-8FDC-42A3-9474-1A3956D46DE8}") = "tests", "tests", "{19DB9966-D1AE-4869-A017-CDC8D1998C37}"
EndProject
Project("{9A19103F-16F7-4668-BE54-9A1E7A4F7556}") = "SoftbinatorProject.Api", "src\SoftbinatorProject.Api\SoftbinatorProject.Api.csproj", "{4E2AD897-4685-4A15-AC0A-CE96076CC844}"
EndProject
Project("{9A19103F-16F7-4668-BE54-9A1E7A4F7556}") = "SoftbinatorProject.Infrastructure", "src\SoftbinatorProject.Infrastructure\SoftbinatorProject.Infrastructure.csproj", "{9342B397-268B-41B6-8F3D-3748956C4BE1}"
EndProject
Global
	GlobalSection(SolutionConfigurationPlatforms) = preSolution
		Debug|Any CPU = Debug|Any CPU
		Release|Any CPU = Release|Any CPU
	EndGlobalSection
	GlobalSection(ProjectConfigurationPlatforms) = postSolution
		{9D4B5E0E-7327-4AEA-BEF4-8F423FDE9D40}.Debug|Any CPU.ActiveCfg = Debug|Any CPU
		{9D4B5E0E-7327-4AEA-BEF4-8F423FDE9D40}.Debug|Any CPU.Build.0 = Debug|Any CPU
		{9D4B5E0E-7327-4AEA-BEF4-8F423FDE9D40}.Release|Any CPU.ActiveCfg = Release|Any CPU
		{9D4B5E0E-7327-4AEA-BEF4-8F423FDE9D40}.Release|Any CPU.Build.0 = Release|Any CPU
		{4E2AD897-4685-4A15-AC0A-CE96076CC844}.Debug|Any CPU.ActiveCfg = Debug|Any CPU
		{4E2AD897-4685-4A15-AC0A-CE96076CC844}.Debug|Any CPU.Build.0 = Debug|Any CPU
		{4E2AD897-4685-4A15-AC0A-CE96076CC844}.Release|Any CPU.ActiveCfg = Release|Any CPU
		{4E2AD897-4685-4A15-AC0A-CE96076CC844}.Release|Any CPU.Build.0 = Release|Any CPU
		{9342B397-268B-41B6-8F3D-3748956C4BE1}.Debug|Any CPU.ActiveCfg = Debug|Any CPU
		{9342B397-268B-41B6-8F3D-3748956C4BE1}.Debug|Any CPU.Build.0 = Debug|Any CPU
		{9342B397-268B-41B6-8F3D-3748956C4BE1}.Release|Any CPU.ActiveCfg = Release|Any CPU
		{9342B397-268B-41B6-8F3D-3748956C4BE1}.Release|Any CPU.Build.0 = Release|Any CPU
	EndGlobalSection
	GlobalSection(SolutionProperties) = preSolution
		HideSolutionNode = FALSE
	EndGlobalSection
	GlobalSection(NestedProjects) = preSolution
		{9D4B5E0E-7327-4AEA-BEF4-8F423FDE9D40} = {2D4AF767-83D4-47FA-AE63-59236945D89E}
		{4E2AD897-4685-4A15-AC0A-CE96076CC844} = {2D4AF767-83D4-47FA-AE63-59236945D89E}
		{9342B397-268B-41B6-8F3D-3748956C4BE1} = {2D4AF767-83D4-47FA-AE63-59236945D89E}
	EndGlobalSection
	GlobalSection(ExtensibilityGlobals) = postSolution
		SolutionGuid = {99CD9DD4-1690-4E23-8B03-B4E6A22203F2}
	EndGlobalSection
EndGlobal
